
Microsoft Visual Studio Solution File, Format Version 12.00
# Visual Studio Version 16
VisualStudioVersion = 16.0.31321.278
MinimumVisualStudioVersion = 10.0.40219.1
Project("{FAE04EC0-301F-11D3-BF4B-00C04F79EFBC}") = "SCards", "SCards.csproj", "{3A2C9499-7694-433C-922E-A90C48A68321}"
EndProject
Global
	GlobalSection(SolutionConfigurationPlatforms) = preSolution
		Debug|Any CPU = Debug|Any CPU
		Release|Any CPU = Release|Any CPU
	EndGlobalSection
	GlobalSection(ProjectConfigurationPlatforms) = postSolution
		{3A2C9499-7694-433C-922E-A90C48A68321}.Debug|Any CPU.ActiveCfg = Debug|Any CPU
		{3A2C9499-7694-433C-922E-A90C48A68321}.Debug|Any CPU.Build.0 = Debug|Any CPU
		{3A2C9499-7694-433C-922E-A90C48A68321}.Release|Any CPU.ActiveCfg = Release|Any CPU
		{3A2C9499-7694-433C-922E-A90C48A68321}.Release|Any CPU.Build.0 = Release|Any CPU
	EndGlobalSection
	GlobalSection(SolutionProperties) = preSolution
		HideSolutionNode = FALSE
	EndGlobalSection
	GlobalSection(ExtensibilityGlobals) = postSolution
		SolutionGuid = {A071A6EE-0274-438F-B608-7E4A8BCCEBC6}
	EndGlobalSection
EndGlobal
